
Microsoft Visual Studio Solution File, Format Version 12.00
# Visual Studio 15
VisualStudioVersion = 15.0.28307.489
MinimumVisualStudioVersion = 10.0.40219.1
Project("{FAE04EC0-301F-11D3-BF4B-00C04F79EFBC}") = "StarterPacks.DependencyInjection", "StarterPacks.DependencyInjection\StarterPacks.DependencyInjection.csproj", "{6690558A-337C-4623-8A91-534CAA6254B1}"
EndProject
Global
	GlobalSection(SolutionConfigurationPlatforms) = preSolution
		Debug|Any CPU = Debug|Any CPU
		Release|Any CPU = Release|Any CPU
	EndGlobalSection
	GlobalSection(ProjectConfigurationPlatforms) = postSolution
		{6690558A-337C-4623-8A91-534CAA6254B1}.Debug|Any CPU.ActiveCfg = Debug|Any CPU
		{6690558A-337C-4623-8A91-534CAA6254B1}.Debug|Any CPU.Build.0 = Debug|Any CPU
		{6690558A-337C-4623-8A91-534CAA6254B1}.Release|Any CPU.ActiveCfg = Release|Any CPU
		{6690558A-337C-4623-8A91-534CAA6254B1}.Release|Any CPU.Build.0 = Release|Any CPU
	EndGlobalSection
	GlobalSection(SolutionProperties) = preSolution
		HideSolutionNode = FALSE
	EndGlobalSection
	GlobalSection(ExtensibilityGlobals) = postSolution
		SolutionGuid = {56397B0C-C6DE-43EF-B989-489144EDD42A}
	EndGlobalSection
EndGlobal
